
Microsoft Visual Studio Solution File, Format Version 12.00
# Visual Studio Version 17
VisualStudioVersion = 17.5.33530.505
MinimumVisualStudioVersion = 10.0.40219.1
Project("{FAE04EC0-301F-11D3-BF4B-00C04F79EFBC}") = "Api", "Api\Api.csproj", "{C6FC6D8D-BBFA-4D88-B1F1-C856E889392D}"
EndProject
Project("{FAE04EC0-301F-11D3-BF4B-00C04F79EFBC}") = "BLL", "BLL\BLL.csproj", "{8FD8AB1A-777F-4C43-9C03-B5772AC03BBA}"
EndProject
Project("{FAE04EC0-301F-11D3-BF4B-00C04F79EFBC}") = "DAL", "DAL\DAL.csproj", "{68E2AEB8-7C33-4D57-BC37-6CD6E2020F6F}"
EndProject
Project("{FAE04EC0-301F-11D3-BF4B-00C04F79EFBC}") = "Domain", "Domain\Domain.csproj", "{31385768-8D26-4B9B-BB2B-520EAA868BFC}"
EndProject
Global
	GlobalSection(SolutionConfigurationPlatforms) = preSolution
		Debug|Any CPU = Debug|Any CPU
		Release|Any CPU = Release|Any CPU
	EndGlobalSection
	GlobalSection(ProjectConfigurationPlatforms) = postSolution
		{C6FC6D8D-BBFA-4D88-B1F1-C856E889392D}.Debug|Any CPU.ActiveCfg = Debug|Any CPU
		{C6FC6D8D-BBFA-4D88-B1F1-C856E889392D}.Debug|Any CPU.Build.0 = Debug|Any CPU
		{C6FC6D8D-BBFA-4D88-B1F1-C856E889392D}.Release|Any CPU.ActiveCfg = Release|Any CPU
		{C6FC6D8D-BBFA-4D88-B1F1-C856E889392D}.Release|Any CPU.Build.0 = Release|Any CPU
		{8FD8AB1A-777F-4C43-9C03-B5772AC03BBA}.Debug|Any CPU.ActiveCfg = Debug|Any CPU
		{8FD8AB1A-777F-4C43-9C03-B5772AC03BBA}.Debug|Any CPU.Build.0 = Debug|Any CPU
		{8FD8AB1A-777F-4C43-9C03-B5772AC03BBA}.Release|Any CPU.ActiveCfg = Release|Any CPU
		{8FD8AB1A-777F-4C43-9C03-B5772AC03BBA}.Release|Any CPU.Build.0 = Release|Any CPU
		{68E2AEB8-7C33-4D57-BC37-6CD6E2020F6F}.Debug|Any CPU.ActiveCfg = Debug|Any CPU
		{68E2AEB8-7C33-4D57-BC37-6CD6E2020F6F}.Debug|Any CPU.Build.0 = Debug|Any CPU
		{68E2AEB8-7C33-4D57-BC37-6CD6E2020F6F}.Release|Any CPU.ActiveCfg = Release|Any CPU
		{68E2AEB8-7C33-4D57-BC37-6CD6E2020F6F}.Release|Any CPU.Build.0 = Release|Any CPU
		{31385768-8D26-4B9B-BB2B-520EAA868BFC}.Debug|Any CPU.ActiveCfg = Debug|Any CPU
		{31385768-8D26-4B9B-BB2B-520EAA868BFC}.Debug|Any CPU.Build.0 = Debug|Any CPU
		{31385768-8D26-4B9B-BB2B-520EAA868BFC}.Release|Any CPU.ActiveCfg = Release|Any CPU
		{31385768-8D26-4B9B-BB2B-520EAA868BFC}.Release|Any CPU.Build.0 = Release|Any CPU
	EndGlobalSection
	GlobalSection(SolutionProperties) = preSolution
		HideSolutionNode = FALSE
	EndGlobalSection
	GlobalSection(ExtensibilityGlobals) = postSolution
		SolutionGuid = {C16E7408-1FDC-4C44-8159-DD507D3C86EB}
	EndGlobalSection
EndGlobal
